
Microsoft Visual Studio Solution File, Format Version 12.00
# Visual Studio Version 17
VisualStudioVersion = 17.11.35219.272
MinimumVisualStudioVersion = 10.0.40219.1
Project("{FAE04EC0-301F-11D3-BF4B-00C04F79EFBC}") = "Contact", "Contact\Contact.csproj", "{A5A674F8-E9F2-4818-AEB7-906FE67A2520}"
EndProject
Global
	GlobalSection(SolutionConfigurationPlatforms) = preSolution
		Debug|Any CPU = Debug|Any CPU
		Release|Any CPU = Release|Any CPU
	EndGlobalSection
	GlobalSection(ProjectConfigurationPlatforms) = postSolution
		{A5A674F8-E9F2-4818-AEB7-906FE67A2520}.Debug|Any CPU.ActiveCfg = Debug|Any CPU
		{A5A674F8-E9F2-4818-AEB7-906FE67A2520}.Debug|Any CPU.Build.0 = Debug|Any CPU
		{A5A674F8-E9F2-4818-AEB7-906FE67A2520}.Release|Any CPU.ActiveCfg = Release|Any CPU
		{A5A674F8-E9F2-4818-AEB7-906FE67A2520}.Release|Any CPU.Build.0 = Release|Any CPU
	EndGlobalSection
	GlobalSection(SolutionProperties) = preSolution
		HideSolutionNode = FALSE
	EndGlobalSection
	GlobalSection(ExtensibilityGlobals) = postSolution
		SolutionGuid = {96AF7BDD-A266-4028-8744-387C19B18C73}
	EndGlobalSection
EndGlobal
